
Microsoft Visual Studio Solution File, Format Version 12.00
# Visual Studio Version 17
VisualStudioVersion = 17.0.32126.317
MinimumVisualStudioVersion = 10.0.40219.1
Project("{8BC9CEB8-8B4A-11D0-8D11-00A0C91BC942}") = "LRender", "LRender\LRender.vcxproj", "{AE4D0FD3-4A17-4436-A4B9-455558E1BD85}"
EndProject
Global
	GlobalSection(SolutionConfigurationPlatforms) = preSolution
		Debug|x64 = Debug|x64
		Release|x64 = Release|x64
	EndGlobalSection
	GlobalSection(ProjectConfigurationPlatforms) = postSolution
		{AE4D0FD3-4A17-4436-A4B9-455558E1BD85}.Debug|x64.ActiveCfg = Debug|x64
		{AE4D0FD3-4A17-4436-A4B9-455558E1BD85}.Debug|x64.Build.0 = Debug|x64
		{AE4D0FD3-4A17-4436-A4B9-455558E1BD85}.Release|x64.ActiveCfg = Release|x64
		{AE4D0FD3-4A17-4436-A4B9-455558E1BD85}.Release|x64.Build.0 = Release|x64
	EndGlobalSection
	GlobalSection(SolutionProperties) = preSolution
		HideSolutionNode = FALSE
	EndGlobalSection
	GlobalSection(ExtensibilityGlobals) = postSolution
		SolutionGuid = {4FC9DE2B-B003-4320-AD14-399DC507524E}
	EndGlobalSection
EndGlobal
